
Microsoft Visual Studio Solution File, Format Version 12.00
# Visual Studio Version 17
VisualStudioVersion = 17.10.35027.167
MinimumVisualStudioVersion = 10.0.40219.1
Project("{FAE04EC0-301F-11D3-BF4B-00C04F79EFBC}") = "WebServiceAutomation", "WebServiceAutomation\WebServiceAutomation.csproj", "{3D40B51A-24E5-43ED-9D74-D852C7B213ED}"
EndProject
Project("{FAE04EC0-301F-11D3-BF4B-00C04F79EFBC}") = "MsTestProject", "MsTestProject\MsTestProject.csproj", "{F6CC20E5-56D3-4AD3-8653-24EF5143730B}"
EndProject
Project("{FAE04EC0-301F-11D3-BF4B-00C04F79EFBC}") = "RestSharpLatest", "RestSharpAutomation\RestSharpLatest.csproj", "{B10ED4F7-9A54-4E8B-A8DD-B2D925E0AFE4}"
EndProject
Global
	GlobalSection(SolutionConfigurationPlatforms) = preSolution
		Debug|Any CPU = Debug|Any CPU
		Release|Any CPU = Release|Any CPU
	EndGlobalSection
	GlobalSection(ProjectConfigurationPlatforms) = postSolution
		{3D40B51A-24E5-43ED-9D74-D852C7B213ED}.Debug|Any CPU.ActiveCfg = Debug|Any CPU
		{3D40B51A-24E5-43ED-9D74-D852C7B213ED}.Debug|Any CPU.Build.0 = Debug|Any CPU
		{3D40B51A-24E5-43ED-9D74-D852C7B213ED}.Release|Any CPU.ActiveCfg = Release|Any CPU
		{3D40B51A-24E5-43ED-9D74-D852C7B213ED}.Release|Any CPU.Build.0 = Release|Any CPU
		{F6CC20E5-56D3-4AD3-8653-24EF5143730B}.Debug|Any CPU.ActiveCfg = Debug|Any CPU
		{F6CC20E5-56D3-4AD3-8653-24EF5143730B}.Debug|Any CPU.Build.0 = Debug|Any CPU
		{F6CC20E5-56D3-4AD3-8653-24EF5143730B}.Release|Any CPU.ActiveCfg = Release|Any CPU
		{F6CC20E5-56D3-4AD3-8653-24EF5143730B}.Release|Any CPU.Build.0 = Release|Any CPU
		{B10ED4F7-9A54-4E8B-A8DD-B2D925E0AFE4}.Debug|Any CPU.ActiveCfg = Debug|Any CPU
		{B10ED4F7-9A54-4E8B-A8DD-B2D925E0AFE4}.Debug|Any CPU.Build.0 = Debug|Any CPU
		{B10ED4F7-9A54-4E8B-A8DD-B2D925E0AFE4}.Release|Any CPU.ActiveCfg = Release|Any CPU
		{B10ED4F7-9A54-4E8B-A8DD-B2D925E0AFE4}.Release|Any CPU.Build.0 = Release|Any CPU
	EndGlobalSection
	GlobalSection(SolutionProperties) = preSolution
		HideSolutionNode = FALSE
	EndGlobalSection
	GlobalSection(ExtensibilityGlobals) = postSolution
		SolutionGuid = {57003355-B589-473F-B672-D3610B0CB8DB}
	EndGlobalSection
EndGlobal
